
Microsoft Visual Studio Solution File, Format Version 12.00
# Visual Studio Version 17
VisualStudioVersion = 17.5.33516.290
MinimumVisualStudioVersion = 10.0.40219.1
Project("{FAE04EC0-301F-11D3-BF4B-00C04F79EFBC}") = "Lab5", "Lab5\Lab5.csproj", "{EAFAA3F3-C0A3-4A5F-9CAF-96AB7D42BC97}"
EndProject
Global
	GlobalSection(SolutionConfigurationPlatforms) = preSolution
		Debug|Any CPU = Debug|Any CPU
		Release|Any CPU = Release|Any CPU
	EndGlobalSection
	GlobalSection(ProjectConfigurationPlatforms) = postSolution
		{EAFAA3F3-C0A3-4A5F-9CAF-96AB7D42BC97}.Debug|Any CPU.ActiveCfg = Debug|Any CPU
		{EAFAA3F3-C0A3-4A5F-9CAF-96AB7D42BC97}.Debug|Any CPU.Build.0 = Debug|Any CPU
		{EAFAA3F3-C0A3-4A5F-9CAF-96AB7D42BC97}.Release|Any CPU.ActiveCfg = Release|Any CPU
		{EAFAA3F3-C0A3-4A5F-9CAF-96AB7D42BC97}.Release|Any CPU.Build.0 = Release|Any CPU
	EndGlobalSection
	GlobalSection(SolutionProperties) = preSolution
		HideSolutionNode = FALSE
	EndGlobalSection
	GlobalSection(ExtensibilityGlobals) = postSolution
		SolutionGuid = {DCC0C9AA-C156-4BF9-9FB7-2048576051D7}
	EndGlobalSection
EndGlobal
